Microsoft Visual Studio Solution File, Format Version 12.00
# Visual Studio 15
VisualStudioVersion = 15.0.26730.12
MinimumVisualStudioVersion = 10.0.40219.1
Project("{9A19103F-16F7-4668-BE54-9A1E7A4F7556}") = "AddressBook", "AddressBook\AddressBook.csproj", "{AFB63919-1E05-43B4-802A-8FB8C9B2F463}"
EndProject
Project("{9A19103F-16F7-4668-BE54-9A1E7A4F7556}") = "Google.Protobuf", "Google.Protobuf\Google.Protobuf.csproj", "{9B576380-726D-4142-8238-60A43AB0E35A}"
EndProject
Project("{9A19103F-16F7-4668-BE54-9A1E7A4F7556}") = "Google.Protobuf.Test", "Google.Protobuf.Test\Google.Protobuf.Test.csproj", "{580EB013-D3C7-4578-B845-015F4A3B0591}"
EndProject
Project("{9A19103F-16F7-4668-BE54-9A1E7A4F7556}") = "Google.Protobuf.Conformance", "Google.Protobuf.Conformance\Google.Protobuf.Conformance.csproj", "{DDDC055B-E185-4181-BAB0-072F0F984569}"
EndProject
Project("{9A19103F-16F7-4668-BE54-9A1E7A4F7556}") = "Google.Protobuf.JsonDump", "Google.Protobuf.JsonDump\Google.Protobuf.JsonDump.csproj", "{9695E08F-9829-497D-B95C-B38F28D48690}"
EndProject
Project("{FAE04EC0-301F-11D3-BF4B-00C04F79EFBC}") = "Google.Protobuf.Fast", "Google.Protobuf.Fast\Google.Protobuf.Fast.csproj", "{798E584B-7309-4658-B4D7-AD0A0A36FCDF}"
EndProject
Project("{FAE04EC0-301F-11D3-BF4B-00C04F79EFBC}") = "Google.ProtobufBenchmark", "Google.ProtobufBenchmark\Google.ProtobufBenchmark.csproj", "{78795D11-E11E-4A71-A241-5C02AEA41E34}"
EndProject
Project("{FAE04EC0-301F-11D3-BF4B-00C04F79EFBC}") = "Google.Protobuf.Fast.Benchmark", "Google.Protobuf.Fast.Benchmark\Google.Protobuf.Fast.Benchmark.csproj", "{477809E3-ADD7-42C8-B144-695B7AD1DB9C}"
EndProject
Global
	GlobalSection(SolutionConfigurationPlatforms) = preSolution
		Debug|Any CPU = Debug|Any CPU
		Release|Any CPU = Release|Any CPU
	EndGlobalSection
	GlobalSection(ProjectConfigurationPlatforms) = postSolution
		{AFB63919-1E05-43B4-802A-8FB8C9B2F463}.Debug|Any CPU.ActiveCfg = Debug|Any CPU
		{AFB63919-1E05-43B4-802A-8FB8C9B2F463}.Debug|Any CPU.Build.0 = Debug|Any CPU
		{AFB63919-1E05-43B4-802A-8FB8C9B2F463}.Release|Any CPU.ActiveCfg = Release|Any CPU
		{AFB63919-1E05-43B4-802A-8FB8C9B2F463}.Release|Any CPU.Build.0 = Release|Any CPU
		{9B576380-726D-4142-8238-60A43AB0E35A}.Debug|Any CPU.ActiveCfg = Debug|Any CPU
		{9B576380-726D-4142-8238-60A43AB0E35A}.Debug|Any CPU.Build.0 = Debug|Any CPU
		{9B576380-726D-4142-8238-60A43AB0E35A}.Release|Any CPU.ActiveCfg = Release|Any CPU
		{9B576380-726D-4142-8238-60A43AB0E35A}.Release|Any CPU.Build.0 = Release|Any CPU
		{580EB013-D3C7-4578-B845-015F4A3B0591}.Debug|Any CPU.ActiveCfg = Debug|Any CPU
		{580EB013-D3C7-4578-B845-015F4A3B0591}.Debug|Any CPU.Build.0 = Debug|Any CPU
		{580EB013-D3C7-4578-B845-015F4A3B0591}.Release|Any CPU.ActiveCfg = Release|Any CPU
		{580EB013-D3C7-4578-B845-015F4A3B0591}.Release|Any CPU.Build.0 = Release|Any CPU
		{DDDC055B-E185-4181-BAB0-072F0F984569}.Debug|Any CPU.ActiveCfg = Debug|Any CPU
		{DDDC055B-E185-4181-BAB0-072F0F984569}.Debug|Any CPU.Build.0 = Debug|Any CPU
		{DDDC055B-E185-4181-BAB0-072F0F984569}.Release|Any CPU.ActiveCfg = Release|Any CPU
		{DDDC055B-E185-4181-BAB0-072F0F984569}.Release|Any CPU.Build.0 = Release|Any CPU
		{9695E08F-9829-497D-B95C-B38F28D48690}.Debug|Any CPU.ActiveCfg = Debug|Any CPU
		{9695E08F-9829-497D-B95C-B38F28D48690}.Debug|Any CPU.Build.0 = Debug|Any CPU
		{9695E08F-9829-497D-B95C-B38F28D48690}.Release|Any CPU.ActiveCfg = Release|Any CPU
		{9695E08F-9829-497D-B95C-B38F28D48690}.Release|Any CPU.Build.0 = Release|Any CPU
		{798E584B-7309-4658-B4D7-AD0A0A36FCDF}.Debug|Any CPU.ActiveCfg = Debug|Any CPU
		{798E584B-7309-4658-B4D7-AD0A0A36FCDF}.Debug|Any CPU.Build.0 = Debug|Any CPU
		{798E584B-7309-4658-B4D7-AD0A0A36FCDF}.Release|Any CPU.ActiveCfg = Release|Any CPU
		{798E584B-7309-4658-B4D7-AD0A0A36FCDF}.Release|Any CPU.Build.0 = Release|Any CPU
		{78795D11-E11E-4A71-A241-5C02AEA41E34}.Debug|Any CPU.ActiveCfg = Debug|Any CPU
		{78795D11-E11E-4A71-A241-5C02AEA41E34}.Debug|Any CPU.Build.0 = Debug|Any CPU
		{78795D11-E11E-4A71-A241-5C02AEA41E34}.Release|Any CPU.ActiveCfg = Release|Any CPU
		{78795D11-E11E-4A71-A241-5C02AEA41E34}.Release|Any CPU.Build.0 = Release|Any CPU
		{477809E3-ADD7-42C8-B144-695B7AD1DB9C}.Debug|Any CPU.ActiveCfg = Debug|Any CPU
		{477809E3-ADD7-42C8-B144-695B7AD1DB9C}.Debug|Any CPU.Build.0 = Debug|Any CPU
		{477809E3-ADD7-42C8-B144-695B7AD1DB9C}.Release|Any CPU.ActiveCfg = Release|Any CPU
		{477809E3-ADD7-42C8-B144-695B7AD1DB9C}.Release|Any CPU.Build.0 = Release|Any CPU
	EndGlobalSection
	GlobalSection(SolutionProperties) = preSolution
		HideSolutionNode = FALSE
	EndGlobalSection
	GlobalSection(ExtensibilityGlobals) = postSolution
		SolutionGuid = {33415172-56BC-40AC-8246-12C1A1D1D420}
	EndGlobalSection
EndGlobal
